// !$*UTF8*$!
{
	archiveVersion = 1;
	classes = {
	};
	objectVersion = 50;
	objects = {

/* Begin PBXBuildFile section */
		2234DD49266952E80020994C /* IntroViewController.swift in Sources */ = {isa = PBXBuildFile; fileRef = 2234DD48266952E80020994C /* IntroViewController.swift */; };
		2234DD4D26696C490020994C /* Circule.swift in Sources */ = {isa = PBXBuildFile; fileRef = 2234DD4C26696C490020994C /* Circule.swift */; };
		2234DD4F2669FB430020994C /* Ink.swift in Sources */ = {isa = PBXBuildFile; fileRef = 2234DD4E2669FB430020994C /* Ink.swift */; };
		225C0B8E2668D842004D75E8 /* PrizeViewController.swift in Sources */ = {isa = PBXBuildFile; fileRef = 225C0B8D2668D842004D75E8 /* PrizeViewController.swift */; };
		22703A932668B06900514E5A /* Buttons.swift in Sources */ = {isa = PBXBuildFile; fileRef = 22703A922668B06900514E5A /* Buttons.swift */; };
		22703A972668BA5B00514E5A /* ActionViewController.swift in Sources */ = {isa = PBXBuildFile; fileRef = 22703A962668BA5B00514E5A /* ActionViewController.swift */; };
		22CCF2902679E4D6004EC382 /* ActionView.swift in Sources */ = {isa = PBXBuildFile; fileRef = 22CCF28F2679E4D6004EC382 /* ActionView.swift */; };
		22CCF2922679E4E5004EC382 /* MenuView.swift in Sources */ = {isa = PBXBuildFile; fileRef = 22CCF2912679E4E5004EC382 /* MenuView.swift */; };
		22CCF2952679E501004EC382 /* IntroView.swift in Sources */ = {isa = PBXBuildFile; fileRef = 22CCF2942679E501004EC382 /* IntroView.swift */; };
		22CCF2972679E50E004EC382 /* PrizeView.swift in Sources */ = {isa = PBXBuildFile; fileRef = 22CCF2962679E50E004EC382 /* PrizeView.swift */; };
		4A0F4A9926863E7C00306C8C /* PlayViewController.swift in Sources */ = {isa = PBXBuildFile; fileRef = 4A0F4A9826863E7C00306C8C /* PlayViewController.swift */; };
		4A0F4A9B26863EB100306C8C /* PlayView.swift in Sources */ = {isa = PBXBuildFile; fileRef = 4A0F4A9A26863EB100306C8C /* PlayView.swift */; };
		4ABADCA3268B57AC0060CA09 /* howToViewController.swift in Sources */ = {isa = PBXBuildFile; fileRef = 4ABADCA2268B57AC0060CA09 /* howToViewController.swift */; };
		4ABADCA5268B57BF0060CA09 /* colorBookViewController.swift in Sources */ = {isa = PBXBuildFile; fileRef = 4ABADCA4268B57BF0060CA09 /* colorBookViewController.swift */; };
		4ABADCA7268B57F00060CA09 /* howToView.swift in Sources */ = {isa = PBXBuildFile; fileRef = 4ABADCA6268B57F00060CA09 /* howToView.swift */; };
		4ABADCA9268B58020060CA09 /* colorBookView.swift in Sources */ = {isa = PBXBuildFile; fileRef = 4ABADCA8268B58020060CA09 /* colorBookView.swift */; };
		9D1656AD2667FB2E00A11C69 /* AppDelegate.swift in Sources */ = {isa = PBXBuildFile; fileRef = 9D1656AC2667FB2E00A11C69 /* AppDelegate.swift */; };
		9D1656AF2667FB2E00A11C69 /* SceneDelegate.swift in Sources */ = {isa = PBXBuildFile; fileRef = 9D1656AE2667FB2E00A11C69 /* SceneDelegate.swift */; };
		9D1656B42667FB2E00A11C69 /* Main.storyboard in Resources */ = {isa = PBXBuildFile; fileRef = 9D1656B22667FB2E00A11C69 /* Main.storyboard */; };
		9D1656B62667FB2F00A11C69 /* Assets.xcassets in Resources */ = {isa = PBXBuildFile; fileRef = 9D1656B52667FB2F00A11C69 /* Assets.xcassets */; };
		9D1656B92667FB2F00A11C69 /* LaunchScreen.storyboard in Resources */ = {isa = PBXBuildFile; fileRef = 9D1656B72667FB2F00A11C69 /* LaunchScreen.storyboard */; };
		9D1656CF26686F5A00A11C69 /* MenuViewController.swift in Sources */ = {isa = PBXBuildFile; fileRef = 9D1656CE26686F5A00A11C69 /* MenuViewController.swift */; };
		9D3D1C11267B75ED00004509 /* acertoFinal.mp4 in Resources */ = {isa = PBXBuildFile; fileRef = 9D3D1C10267B75ED00004509 /* acertoFinal.mp4 */; };
		9D47464E2677BA300046B324 /* erroFinal.mp4 in Resources */ = {isa = PBXBuildFile; fileRef = 9D47464C2677BA300046B324 /* erroFinal.mp4 */; };
/* End PBXBuildFile section */

/* Begin PBXFileReference section */
		2234DD48266952E80020994C /* IntroViewController.swift */ = {isa = PBXFileReference; lastKnownFileType = sourcecode.swift; path = IntroViewController.swift; sourceTree = "<group>"; };
		2234DD4C26696C490020994C /* Circule.swift */ = {isa = PBXFileReference; lastKnownFileType = sourcecode.swift; path = Circule.swift; sourceTree = "<group>"; };
		2234DD4E2669FB430020994C /* Ink.swift */ = {isa = PBXFileReference; lastKnownFileType = sourcecode.swift; path = Ink.swift; sourceTree = "<group>"; };
		225C0B8D2668D842004D75E8 /* PrizeViewController.swift */ = {isa = PBXFileReference; lastKnownFileType = sourcecode.swift; path = PrizeViewController.swift; sourceTree = "<group>"; };
		22703A922668B06900514E5A /* Buttons.swift */ = {isa = PBXFileReference; lastKnownFileType = sourcecode.swift; path = Buttons.swift; sourceTree = "<group>"; };
		22703A962668BA5B00514E5A /* ActionViewController.swift */ = {isa = PBXFileReference; lastKnownFileType = sourcecode.swift; path = ActionViewController.swift; sourceTree = "<group>"; };
		22CCF28F2679E4D6004EC382 /* ActionView.swift */ = {isa = PBXFileReference; lastKnownFileType = sourcecode.swift; path = ActionView.swift; sourceTree = "<group>"; };
		22CCF2912679E4E5004EC382 /* MenuView.swift */ = {isa = PBXFileReference; lastKnownFileType = sourcecode.swift; path = MenuView.swift; sourceTree = "<group>"; };
		22CCF2942679E501004EC382 /* IntroView.swift */ = {isa = PBXFileReference; lastKnownFileType = sourcecode.swift; path = IntroView.swift; sourceTree = "<group>"; };
		22CCF2962679E50E004EC382 /* PrizeView.swift */ = {isa = PBXFileReference; lastKnownFileType = sourcecode.swift; path = PrizeView.swift; sourceTree = "<group>"; };
		4A0F4A9826863E7C00306C8C /* PlayViewController.swift */ = {isa = PBXFileReference; lastKnownFileType = sourcecode.swift; path = PlayViewController.swift; sourceTree = "<group>"; };
		4A0F4A9A26863EB100306C8C /* PlayView.swift */ = {isa = PBXFileReference; lastKnownFileType = sourcecode.swift; path = PlayView.swift; sourceTree = "<group>"; };
		4ABADCA2268B57AC0060CA09 /* howToViewController.swift */ = {isa = PBXFileReference; lastKnownFileType = sourcecode.swift; path = howToViewController.swift; sourceTree = "<group>"; };
		4ABADCA4268B57BF0060CA09 /* colorBookViewController.swift */ = {isa = PBXFileReference; lastKnownFileType = sourcecode.swift; path = colorBookViewController.swift; sourceTree = "<group>"; };
		4ABADCA6268B57F00060CA09 /* howToView.swift */ = {isa = PBXFileReference; lastKnownFileType = sourcecode.swift; path = howToView.swift; sourceTree = "<group>"; };
		4ABADCA8268B58020060CA09 /* colorBookView.swift */ = {isa = PBXFileReference; lastKnownFileType = sourcecode.swift; path = colorBookView.swift; sourceTree = "<group>"; };
		9D1656A92667FB2E00A11C69 /* inkolor.app */ = {isa = PBXFileReference; explicitFileType = wrapper.application; includeInIndex = 0; path = inkolor.app; sourceTree = BUILT_PRODUCTS_DIR; };
		9D1656AC2667FB2E00A11C69 /* AppDelegate.swift */ = {isa = PBXFileReference; lastKnownFileType = sourcecode.swift; path = AppDelegate.swift; sourceTree = "<group>"; };
		9D1656AE2667FB2E00A11C69 /* SceneDelegate.swift */ = {isa = PBXFileReference; lastKnownFileType = sourcecode.swift; path = SceneDelegate.swift; sourceTree = "<group>"; };
		9D1656B32667FB2E00A11C69 /* Base */ = {isa = PBXFileReference; lastKnownFileType = file.storyboard; name = Base; path = Base.lproj/Main.storyboard; sourceTree = "<group>"; };
		9D1656B52667FB2F00A11C69 /* Assets.xcassets */ = {isa = PBXFileReference; lastKnownFileType = folder.assetcatalog; path = Assets.xcassets; sourceTree = "<group>"; };
		9D1656B82667FB2F00A11C69 /* Base */ = {isa = PBXFileReference; lastKnownFileType = file.storyboard; name = Base; path = Base.lproj/LaunchScreen.storyboard; sourceTree = "<group>"; };
		9D1656BA2667FB2F00A11C69 /* Info.plist */ = {isa = PBXFileReference; lastKnownFileType = text.plist.xml; path = Info.plist; sourceTree = "<group>"; };
		9D1656CE26686F5A00A11C69 /* MenuViewController.swift */ = {isa = PBXFileReference; lastKnownFileType = sourcecode.swift; path = MenuViewController.swift; sourceTree = "<group>"; };
		9D3D1C10267B75ED00004509 /* acertoFinal.mp4 */ = {isa = PBXFileReference; lastKnownFileType = file; path = acertoFinal.mp4; sourceTree = "<group>"; };
		9D47464C2677BA300046B324 /* erroFinal.mp4 */ = {isa = PBXFileReference; lastKnownFileType = file; path = erroFinal.mp4; sourceTree = "<group>"; };
/* End PBXFileReference section */

/* Begin PBXFrameworksBuildPhase section */
		9D1656A62667FB2E00A11C69 /* Frameworks */ = {
			isa = PBXFrameworksBuildPhase;
			buildActionMask = 2147483647;
			files = (
			);
			runOnlyForDeploymentPostprocessing = 0;
		};
/* End PBXFrameworksBuildPhase section */

/* Begin PBXGroup section */
		22CCF28A2679E430004EC382 /* Controllers */ = {
			isa = PBXGroup;
			children = (
				9D1656CE26686F5A00A11C69 /* MenuViewController.swift */,
				2234DD48266952E80020994C /* IntroViewController.swift */,
				22703A962668BA5B00514E5A /* ActionViewController.swift */,
				225C0B8D2668D842004D75E8 /* PrizeViewController.swift */,
				4A0F4A9826863E7C00306C8C /* PlayViewController.swift */,
				4ABADCA2268B57AC0060CA09 /* howToViewController.swift */,
				4ABADCA4268B57BF0060CA09 /* colorBookViewController.swift */,
			);
			path = Controllers;
			sourceTree = "<group>";
		};
		22CCF28B2679E440004EC382 /* Views */ = {
			isa = PBXGroup;
			children = (
				22CCF2912679E4E5004EC382 /* MenuView.swift */,
				22CCF2942679E501004EC382 /* IntroView.swift */,
				22CCF28F2679E4D6004EC382 /* ActionView.swift */,
				22CCF2962679E50E004EC382 /* PrizeView.swift */,
				4A0F4A9A26863EB100306C8C /* PlayView.swift */,
				4ABADCA6268B57F00060CA09 /* howToView.swift */,
				4ABADCA8268B58020060CA09 /* colorBookView.swift */,
			);
			path = Views;
			sourceTree = "<group>";
		};
		22CCF28C2679E454004EC382 /* Assets */ = {
			isa = PBXGroup;
			children = (
				9D47464C2677BA300046B324 /* erroFinal.mp4 */,
				9D3D1C10267B75ED00004509 /* acertoFinal.mp4 */,
				9D1656B52667FB2F00A11C69 /* Assets.xcassets */,
			);
			path = Assets;
			sourceTree = "<group>";
		};
		22CCF28D2679E462004EC382 /* System */ = {
			isa = PBXGroup;
			children = (
				9D1656BA2667FB2F00A11C69 /* Info.plist */,
				9D1656B72667FB2F00A11C69 /* LaunchScreen.storyboard */,
				9D1656AC2667FB2E00A11C69 /* AppDelegate.swift */,
				9D1656AE2667FB2E00A11C69 /* SceneDelegate.swift */,
				9D1656B22667FB2E00A11C69 /* Main.storyboard */,
			);
			path = System;
			sourceTree = "<group>";
		};
		22CCF28E2679E49B004EC382 /* Complements */ = {
			isa = PBXGroup;
			children = (
				2234DD4C26696C490020994C /* Circule.swift */,
				2234DD4E2669FB430020994C /* Ink.swift */,
				22703A922668B06900514E5A /* Buttons.swift */,
			);
			path = Complements;
			sourceTree = "<group>";
		};
		9D1656A02667FB2E00A11C69 = {
			isa = PBXGroup;
			children = (
				9D1656AB2667FB2E00A11C69 /* inkolor */,
				9D1656AA2667FB2E00A11C69 /* Products */,
			);
			sourceTree = "<group>";
		};
		9D1656AA2667FB2E00A11C69 /* Products */ = {
			isa = PBXGroup;
			children = (
				9D1656A92667FB2E00A11C69 /* inkolor.app */,
			);
			name = Products;
			sourceTree = "<group>";
		};
		9D1656AB2667FB2E00A11C69 /* inkolor */ = {
			isa = PBXGroup;
			children = (
				22CCF28C2679E454004EC382 /* Assets */,
				22CCF28A2679E430004EC382 /* Controllers */,
				22CCF28B2679E440004EC382 /* Views */,
				22CCF28E2679E49B004EC382 /* Complements */,
				22CCF28D2679E462004EC382 /* System */,
			);
			path = inkolor;
			sourceTree = "<group>";
		};
/* End PBXGroup section */

/* Begin PBXNativeTarget section */
		9D1656A82667FB2E00A11C69 /* inkolor */ = {
			isa = PBXNativeTarget;
			buildConfigurationList = 9D1656BD2667FB2F00A11C69 /* Build configuration list for PBXNativeTarget "inkolor" */;
			buildPhases = (
				9D1656A52667FB2E00A11C69 /* Sources */,
				9D1656A62667FB2E00A11C69 /* Frameworks */,
				9D1656A72667FB2E00A11C69 /* Resources */,
			);
			buildRules = (
			);
			dependencies = (
			);
			name = inkolor;
			productName = testeSom;
			productReference = 9D1656A92667FB2E00A11C69 /* inkolor.app */;
			productType = "com.apple.product-type.application";
		};
/* End PBXNativeTarget section */

/* Begin PBXProject section */
		9D1656A12667FB2E00A11C69 /* Project object */ = {
			isa = PBXProject;
			attributes = {
				LastSwiftUpdateCheck = 1250;
				LastUpgradeCheck = 1250;
				TargetAttributes = {
					9D1656A82667FB2E00A11C69 = {
						CreatedOnToolsVersion = 12.5;
					};
				};
			};
			buildConfigurationList = 9D1656A42667FB2E00A11C69 /* Build configuration list for PBXProject "inkolor" */;
			compatibilityVersion = "Xcode 9.3";
			developmentRegion = en;
			hasScannedForEncodings = 0;
			knownRegions = (
				en,
				Base,
			);
			mainGroup = 9D1656A02667FB2E00A11C69;
			productRefGroup = 9D1656AA2667FB2E00A11C69 /* Products */;
			projectDirPath = "";
			projectRoot = "";
			targets = (
				9D1656A82667FB2E00A11C69 /* inkolor */,
			);
		};
/* End PBXProject section */

/* Begin PBXResourcesBuildPhase section */
		9D1656A72667FB2E00A11C69 /* Resources */ = {
			isa = PBXResourcesBuildPhase;
			buildActionMask = 2147483647;
			files = (
				9D47464E2677BA300046B324 /* erroFinal.mp4 in Resources */,
				9D1656B92667FB2F00A11C69 /* LaunchScreen.storyboard in Resources */,
				9D3D1C11267B75ED00004509 /* acertoFinal.mp4 in Resources */,
				9D1656B62667FB2F00A11C69 /* Assets.xcassets in Resources */,
				9D1656B42667FB2E00A11C69 /* Main.storyboard in Resources */,
			);
			runOnlyForDeploymentPostprocessing = 0;
		};
/* End PBXResourcesBuildPhase section */

/* Begin PBXSourcesBuildPhase section */
		9D1656A52667FB2E00A11C69 /* Sources */ = {
			isa = PBXSourcesBuildPhase;
			buildActionMask = 2147483647;
			files = (
				22CCF2902679E4D6004EC382 /* ActionView.swift in Sources */,
				4ABADCA5268B57BF0060CA09 /* colorBookViewController.swift in Sources */,
				9D1656CF26686F5A00A11C69 /* MenuViewController.swift in Sources */,
				22703A932668B06900514E5A /* Buttons.swift in Sources */,
				4A0F4A9B26863EB100306C8C /* PlayView.swift in Sources */,
				4ABADCA3268B57AC0060CA09 /* howToViewController.swift in Sources */,
				2234DD4D26696C490020994C /* Circule.swift in Sources */,
				9D1656AD2667FB2E00A11C69 /* AppDelegate.swift in Sources */,
				4ABADCA7268B57F00060CA09 /* howToView.swift in Sources */,
				22CCF2952679E501004EC382 /* IntroView.swift in Sources */,
				4ABADCA9268B58020060CA09 /* colorBookView.swift in Sources */,
				2234DD49266952E80020994C /* IntroViewController.swift in Sources */,
				22CCF2972679E50E004EC382 /* PrizeView.swift in Sources */,
				9D1656AF2667FB2E00A11C69 /* SceneDelegate.swift in Sources */,
				22CCF2922679E4E5004EC382 /* MenuView.swift in Sources */,
				2234DD4F2669FB430020994C /* Ink.swift in Sources */,
				22703A972668BA5B00514E5A /* ActionViewController.swift in Sources */,
				4A0F4A9926863E7C00306C8C /* PlayViewController.swift in Sources */,
				225C0B8E2668D842004D75E8 /* PrizeViewController.swift in Sources */,
			);
			runOnlyForDeploymentPostprocessing = 0;
		};
/* End PBXSourcesBuildPhase section */

/* Begin PBXVariantGroup section */
		9D1656B22667FB2E00A11C69 /* Main.storyboard */ = {
			isa = PBXVariantGroup;
			children = (
				9D1656B32667FB2E00A11C69 /* Base */,
			);
			name = Main.storyboard;
			sourceTree = "<group>";
		};
		9D1656B72667FB2F00A11C69 /* LaunchScreen.storyboard */ = {
			isa = PBXVariantGroup;
			children = (
				9D1656B82667FB2F00A11C69 /* Base */,
			);
			name = LaunchScreen.storyboard;
			sourceTree = "<group>";
		};
/* End PBXVariantGroup section */

/* Begin XCBuildConfiguration section */
		9D1656BB2667FB2F00A11C69 /* Debug */ = {
			isa = XCBuildConfiguration;
			buildSettings = {
				ALWAYS_SEARCH_USER_PATHS = NO;
				CLANG_ANALYZER_NONNULL = YES;
				CLANG_ANALYZER_NUMBER_OBJECT_CONVERSION = YES_AGGRESSIVE;
				CLANG_CXX_LANGUAGE_STANDARD = "gnu++14";
				CLANG_CXX_LIBRARY = "libc++";
				CLANG_ENABLE_MODULES = YES;
				CLANG_ENABLE_OBJC_ARC = YES;
				CLANG_ENABLE_OBJC_WEAK = YES;
				CLANG_WARN_BLOCK_CAPTURE_AUTORELEASING = YES;
				CLANG_WARN_BOOL_CONVERSION = YES;
				CLANG_WARN_COMMA = YES;
				CLANG_WARN_CONSTANT_CONVERSION = YES;
				CLANG_WARN_DEPRECATED_OBJC_IMPLEMENTATIONS = YES;
				CLANG_WARN_DIRECT_OBJC_ISA_USAGE = YES_ERROR;
				CLANG_WARN_DOCUMENTATION_COMMENTS = YES;
				CLANG_WARN_EMPTY_BODY = YES;
				CLANG_WARN_ENUM_CONVERSION = YES;
				CLANG_WARN_INFINITE_RECURSION = YES;
				CLANG_WARN_INT_CONVERSION = YES;
				CLANG_WARN_NON_LITERAL_NULL_CONVERSION = YES;
				CLANG_WARN_OBJC_IMPLICIT_RETAIN_SELF = YES;
				CLANG_WARN_OBJC_LITERAL_CONVERSION = YES;
				CLANG_WARN_OBJC_ROOT_CLASS = YES_ERROR;
				CLANG_WARN_QUOTED_INCLUDE_IN_FRAMEWORK_HEADER = YES;
				CLANG_WARN_RANGE_LOOP_ANALYSIS = YES;
				CLANG_WARN_STRICT_PROTOTYPES = YES;
				CLANG_WARN_SUSPICIOUS_MOVE = YES;
				CLANG_WARN_UNGUARDED_AVAILABILITY = YES_AGGRESSIVE;
				CLANG_WARN_UNREACHABLE_CODE = YES;
				CLANG_WARN__DUPLICATE_METHOD_MATCH = YES;
				COPY_PHASE_STRIP = NO;
				DEBUG_INFORMATION_FORMAT = dwarf;
				ENABLE_STRICT_OBJC_MSGSEND = YES;
				ENABLE_TESTABILITY = YES;
				GCC_C_LANGUAGE_STANDARD = gnu11;
				GCC_DYNAMIC_NO_PIC = NO;
				GCC_NO_COMMON_BLOCKS = YES;
				GCC_OPTIMIZATION_LEVEL = 0;
				GCC_PREPROCESSOR_DEFINITIONS = (
					"DEBUG=1",
					"$(inherited)",
				);
				GCC_WARN_64_TO_32_BIT_CONVERSION = YES;
				GCC_WARN_ABOUT_RETURN_TYPE = YES_ERROR;
				GCC_WARN_UNDECLARED_SELECTOR = YES;
				GCC_WARN_UNINITIALIZED_AUTOS = YES_AGGRESSIVE;
				GCC_WARN_UNUSED_FUNCTION = YES;
				GCC_WARN_UNUSED_VARIABLE = YES;
				IPHONEOS_DEPLOYMENT_TARGET = 14.5;
				MTL_ENABLE_DEBUG_INFO = INCLUDE_SOURCE;
				MTL_FAST_MATH = YES;
				ONLY_ACTIVE_ARCH = YES;
				SDKROOT = iphoneos;
				SWIFT_ACTIVE_COMPILATION_CONDITIONS = DEBUG;
				SWIFT_OPTIMIZATION_LEVEL = "-Onone";
			};
			name = Debug;
		};
		9D1656BC2667FB2F00A11C69 /* Release */ = {
			isa = XCBuildConfiguration;
			buildSettings = {
				ALWAYS_SEARCH_USER_PATHS = NO;
				CLANG_ANALYZER_NONNULL = YES;
				CLANG_ANALYZER_NUMBER_OBJECT_CONVERSION = YES_AGGRESSIVE;
				CLANG_CXX_LANGUAGE_STANDARD = "gnu++14";
				CLANG_CXX_LIBRARY = "libc++";
				CLANG_ENABLE_MODULES = YES;
				CLANG_ENABLE_OBJC_ARC = YES;
				CLANG_ENABLE_OBJC_WEAK = YES;
				CLANG_WARN_BLOCK_CAPTURE_AUTORELEASING = YES;
				CLANG_WARN_BOOL_CONVERSION = YES;
				CLANG_WARN_COMMA = YES;
				CLANG_WARN_CONSTANT_CONVERSION = YES;
				CLANG_WARN_DEPRECATED_OBJC_IMPLEMENTATIONS = YES;
				CLANG_WARN_DIRECT_OBJC_ISA_USAGE = YES_ERROR;
				CLANG_WARN_DOCUMENTATION_COMMENTS = YES;
				CLANG_WARN_EMPTY_BODY = YES;
				CLANG_WARN_ENUM_CONVERSION = YES;
				CLANG_WARN_INFINITE_RECURSION = YES;
				CLANG_WARN_INT_CONVERSION = YES;
				CLANG_WARN_NON_LITERAL_NULL_CONVERSION = YES;
				CLANG_WARN_OBJC_IMPLICIT_RETAIN_SELF = YES;
				CLANG_WARN_OBJC_LITERAL_CONVERSION = YES;
				CLANG_WARN_OBJC_ROOT_CLASS = YES_ERROR;
				CLANG_WARN_QUOTED_INCLUDE_IN_FRAMEWORK_HEADER = YES;
				CLANG_WARN_RANGE_LOOP_ANALYSIS = YES;
				CLANG_WARN_STRICT_PROTOTYPES = YES;
				CLANG_WARN_SUSPICIOUS_MOVE = YES;
				CLANG_WARN_UNGUARDED_AVAILABILITY = YES_AGGRESSIVE;
				CLANG_WARN_UNREACHABLE_CODE = YES;
				CLANG_WARN__DUPLICATE_METHOD_MATCH = YES;
				COPY_PHASE_STRIP = NO;
				DEBUG_INFORMATION_FORMAT = "dwarf-with-dsym";
				ENABLE_NS_ASSERTIONS = NO;
				ENABLE_STRICT_OBJC_MSGSEND = YES;
				GCC_C_LANGUAGE_STANDARD = gnu11;
				GCC_NO_COMMON_BLOCKS = YES;
				GCC_WARN_64_TO_32_BIT_CONVERSION = YES;
				GCC_WARN_ABOUT_RETURN_TYPE = YES_ERROR;
				GCC_WARN_UNDECLARED_SELECTOR = YES;
				GCC_WARN_UNINITIALIZED_AUTOS = YES_AGGRESSIVE;
				GCC_WARN_UNUSED_FUNCTION = YES;
				GCC_WARN_UNUSED_VARIABLE = YES;
				IPHONEOS_DEPLOYMENT_TARGET = 14.5;
				MTL_ENABLE_DEBUG_INFO = NO;
				MTL_FAST_MATH = YES;
				SDKROOT = iphoneos;
				SWIFT_COMPILATION_MODE = wholemodule;
				SWIFT_OPTIMIZATION_LEVEL = "-O";
				VALIDATE_PRODUCT = YES;
			};
			name = Release;
		};
		9D1656BE2667FB2F00A11C69 /* Debug */ = {
			isa = XCBuildConfiguration;
			buildSettings = {
				ASSETCATALOG_COMPILER_APPICON_NAME = AppIcon;
				ASSETCATALOG_COMPILER_GLOBAL_ACCENT_COLOR_NAME = AccentColor;
				CODE_SIGN_STYLE = Automatic;
				CURRENT_PROJECT_VERSION = 3;
				DEVELOPMENT_TEAM = L3LQDD8K39;
				INFOPLIST_FILE = inkolor/System/Info.plist;
				LD_RUNPATH_SEARCH_PATHS = (
					"$(inherited)",
					"@executable_path/Frameworks",
				);
				MARKETING_VERSION = 1.0;
				PRODUCT_BUNDLE_IDENTIFIER = br.rebeccompany.inkolors;
				PRODUCT_NAME = "$(TARGET_NAME)";
				SWIFT_VERSION = 5.0;
				TARGETED_DEVICE_FAMILY = 1;
			};
			name = Debug;
		};
		9D1656BF2667FB2F00A11C69 /* Release */ = {
			isa = XCBuildConfiguration;
			buildSettings = {
				ASSETCATALOG_COMPILER_APPICON_NAME = AppIcon;
				ASSETCATALOG_COMPILER_GLOBAL_ACCENT_COLOR_NAME = AccentColor;
				CODE_SIGN_STYLE = Automatic;
				CURRENT_PROJECT_VERSION = 3;
				DEVELOPMENT_TEAM = L3LQDD8K39;
				INFOPLIST_FILE = inkolor/System/Info.plist;
				LD_RUNPATH_SEARCH_PATHS = (
					"$(inherited)",
					"@executable_path/Frameworks",
				);
				MARKETING_VERSION = 1.0;
				PRODUCT_BUNDLE_IDENTIFIER = br.rebeccompany.inkolors;
				PRODUCT_NAME = "$(TARGET_NAME)";
				SWIFT_VERSION = 5.0;
				TARGETED_DEVICE_FAMILY = 1;
			};
			name = Release;
		};
/* End XCBuildConfiguration section */

/* Begin XCConfigurationList section */
		9D1656A42667FB2E00A11C69 /* Build configuration list for PBXProject "inkolor" */ = {
			isa = XCConfigurationList;
			buildConfigurations = (
				9D1656BB2667FB2F00A11C69 /* Debug */,
				9D1656BC2667FB2F00A11C69 /* Release */,
			);
			defaultConfigurationIsVisible = 0;
			defaultConfigurationName = Release;
		};
		9D1656BD2667FB2F00A11C69 /* Build configuration list for PBXNativeTarget "inkolor" */ = {
			isa = XCConfigurationList;
			buildConfigurations = (
				9D1656BE2667FB2F00A11C69 /* Debug */,
				9D1656BF2667FB2F00A11C69 /* Release */,
			);
			defaultConfigurationIsVisible = 0;
			defaultConfigurationName = Release;
		};
/* End XCConfigurationList section */
	};
	rootObject = 9D1656A12667FB2E00A11C69 /* Project object */;
}
